
Microsoft Visual Studio Solution File, Format Version 12.00
# Visual Studio Version 17
VisualStudioVersion = 17.11.35327.3
MinimumVisualStudioVersion = 10.0.40219.1
Project("{FAE04EC0-301F-11D3-BF4B-00C04F79EFBC}") = "NewsAggregation", "NewsAggregation\NewsAggregation.csproj", "{E26529CD-308E-40AC-B49D-6617246EB566}"
EndProject
Global
	GlobalSection(SolutionConfigurationPlatforms) = preSolution
		Debug|Any CPU = Debug|Any CPU
		Release|Any CPU = Release|Any CPU
	EndGlobalSection
	GlobalSection(ProjectConfigurationPlatforms) = postSolution
		{E26529CD-308E-40AC-B49D-6617246EB566}.Debug|Any CPU.ActiveCfg = Debug|Any CPU
		{E26529CD-308E-40AC-B49D-6617246EB566}.Debug|Any CPU.Build.0 = Debug|Any CPU
		{E26529CD-308E-40AC-B49D-6617246EB566}.Release|Any CPU.ActiveCfg = Release|Any CPU
		{E26529CD-308E-40AC-B49D-6617246EB566}.Release|Any CPU.Build.0 = Release|Any CPU
	EndGlobalSection
	GlobalSection(SolutionProperties) = preSolution
		HideSolutionNode = FALSE
	EndGlobalSection
	GlobalSection(ExtensibilityGlobals) = postSolution
		SolutionGuid = {5364D8A1-D886-4501-AE8F-44228E69D16E}
	EndGlobalSection
EndGlobal
